
Microsoft Visual Studio Solution File, Format Version 12.00
# Visual Studio Version 16
VisualStudioVersion = 16.0.29102.190
MinimumVisualStudioVersion = 10.0.40219.1
Project("{FAE04EC0-301F-11D3-BF4B-00C04F79EFBC}") = "SIETE", "SIETE\SIETE.csproj", "{935CA1F1-5F29-4C5C-8C1B-3A1E9C32F6BB}"
EndProject
Global
	GlobalSection(SolutionConfigurationPlatforms) = preSolution
		Debug|Any CPU = Debug|Any CPU
		Release|Any CPU = Release|Any CPU
	EndGlobalSection
	GlobalSection(ProjectConfigurationPlatforms) = postSolution
		{935CA1F1-5F29-4C5C-8C1B-3A1E9C32F6BB}.Debug|Any CPU.ActiveCfg = Debug|Any CPU
		{935CA1F1-5F29-4C5C-8C1B-3A1E9C32F6BB}.Debug|Any CPU.Build.0 = Debug|Any CPU
		{935CA1F1-5F29-4C5C-8C1B-3A1E9C32F6BB}.Release|Any CPU.ActiveCfg = Release|Any CPU
		{935CA1F1-5F29-4C5C-8C1B-3A1E9C32F6BB}.Release|Any CPU.Build.0 = Release|Any CPU
	EndGlobalSection
	GlobalSection(SolutionProperties) = preSolution
		HideSolutionNode = FALSE
	EndGlobalSection
	GlobalSection(ExtensibilityGlobals) = postSolution
		SolutionGuid = {3CB61AB6-7181-4381-A40B-DAC1EFA9143E}
	EndGlobalSection
EndGlobal
